
Microsoft Visual Studio Solution File, Format Version 12.00
# Visual Studio Version 17
VisualStudioVersion = 17.9.34723.18
MinimumVisualStudioVersion = 10.0.40219.1
Project("{9A19103F-16F7-4668-BE54-9A1E7A4F7556}") = "CarGalleryConsoleAPI", "CarGalleryConsoleAPI\CarGalleryConsoleAPI.csproj", "{FBB24980-B9EA-4D57-9B07-E615F92B1381}"
EndProject
Project("{FAE04EC0-301F-11D3-BF4B-00C04F79EFBC}") = "CarGalleryConsoleAPI.IntegrationTests.NUnit", "CarGalleryConsoleAPI.IntegrationTests.NUnit\CarGalleryConsoleAPI.IntegrationTests.NUnit.csproj", "{B0D7598A-C967-442C-8326-8A11E2A20BA2}"
EndProject
Global
	GlobalSection(SolutionConfigurationPlatforms) = preSolution
		Debug|Any CPU = Debug|Any CPU
		Release|Any CPU = Release|Any CPU
	EndGlobalSection
	GlobalSection(ProjectConfigurationPlatforms) = postSolution
		{FBB24980-B9EA-4D57-9B07-E615F92B1381}.Debug|Any CPU.ActiveCfg = Debug|Any CPU
		{FBB24980-B9EA-4D57-9B07-E615F92B1381}.Debug|Any CPU.Build.0 = Debug|Any CPU
		{FBB24980-B9EA-4D57-9B07-E615F92B1381}.Release|Any CPU.ActiveCfg = Release|Any CPU
		{FBB24980-B9EA-4D57-9B07-E615F92B1381}.Release|Any CPU.Build.0 = Release|Any CPU
		{B0D7598A-C967-442C-8326-8A11E2A20BA2}.Debug|Any CPU.ActiveCfg = Debug|Any CPU
		{B0D7598A-C967-442C-8326-8A11E2A20BA2}.Debug|Any CPU.Build.0 = Debug|Any CPU
		{B0D7598A-C967-442C-8326-8A11E2A20BA2}.Release|Any CPU.ActiveCfg = Release|Any CPU
		{B0D7598A-C967-442C-8326-8A11E2A20BA2}.Release|Any CPU.Build.0 = Release|Any CPU
	EndGlobalSection
	GlobalSection(SolutionProperties) = preSolution
		HideSolutionNode = FALSE
	EndGlobalSection
	GlobalSection(ExtensibilityGlobals) = postSolution
		SolutionGuid = {2536F446-0F4D-4936-B43E-7F1D40284A4F}
	EndGlobalSection
EndGlobal
